{
  "nodes": {
    "dns": {
      "inputs": {
        "fenix": "fenix",
        "naersk": "naersk",
        "nixpkgs": [
          "nixpkgs"
        ]
      },
      "locked": {
        "lastModified": 1700345342,
        "narHash": "sha256-oBfT+k6qDf/2tUpOp5pyJOQ4JgO2H2KT1QRYdq3aYbY=",
        "owner": "dresden-zone",
        "repo": "dns",
        "rev": "0e248295ad4a060a8bf96c4918bebdaa6aa2c3b8",
        "type": "github"
      },
      "original": {
        "owner": "dresden-zone",
        "repo": "dns",
        "type": "github"
      }
    },
    "dns-web": {
      "inputs": {
        "flake-utils": "flake-utils",
        "nixpkgs": [
          "nixpkgs"
        ],
        "pnpm2nix": "pnpm2nix"
      },
      "locked": {
        "lastModified": 1700248780,
        "narHash": "sha256-np9hSeFEzuDOP8knU2jfsFuiZ1CHOjYuZcpHWC7uv+0=",
        "owner": "dresden-zone",
        "repo": "dns-web",
        "rev": "f6d8c190681d3e8dc72656435809c81cdcc0e37f",
        "type": "github"
      },
      "original": {
        "owner": "dresden-zone",
        "repo": "dns-web",
        "type": "github"
      }
    },
    "doubleblind": {
      "inputs": {
        "fenix": "fenix_2",
        "naersk": "naersk_2",
        "nixpkgs": [
          "nixpkgs"
        ],
        "pnpm2nix": "pnpm2nix_2",
        "utils": "utils"
      },
      "locked": {
        "lastModified": 1705763462,
        "narHash": "sha256-sSwH5bFMxvEmbsDVBNj9Ac3gi++/AXBXt+NXoyqAWRw=",
        "owner": "dresden-zone",
        "repo": "doubleblind.science",
        "rev": "517d41f3f297975451921bc853a8fa36201c44e8",
        "type": "github"
      },
      "original": {
        "owner": "dresden-zone",
        "repo": "doubleblind.science",
        "type": "github"
      }
    },
    "fenix": {
      "inputs": {
        "nixpkgs": [
          "dns",
          "nixpkgs"
        ],
        "rust-analyzer-src": "rust-analyzer-src"
      },
      "locked": {
        "lastModified": 1698646935,
        "narHash": "sha256-FgHpELKq1AxZRkL3BzLgfCBMJ4kxAjHCuPwj/uh83d0=",
        "owner": "nix-community",
        "repo": "fenix",
        "rev": "53f0f31a978f1e056763d6d465b0f44af2454a7b",
        "type": "github"
      },
      "original": {
        "owner": "nix-community",
        "repo": "fenix",
        "type": "github"
      }
    },
    "fenix_2": {
      "inputs": {
        "nixpkgs": "nixpkgs",
        "rust-analyzer-src": "rust-analyzer-src_2"
      },
      "locked": {
        "lastModified": 1704435752,
        "narHash": "sha256-7ZDpuqGS6aWfT3E8y4TEVSvCUoT7gOH2Cc0NvvDx/1g=",
        "owner": "nix-community",
        "repo": "fenix",
        "rev": "15c95e2adbe285c82ce347a31110b83d13aad586",
        "type": "github"
      },
      "original": {
        "owner": "nix-community",
        "repo": "fenix",
        "type": "github"
      }
    },
    "flake-utils": {
      "inputs": {
        "systems": "systems"
      },
      "locked": {
        "lastModified": 1694529238,
        "narHash": "sha256-zsNZZGTGnMOf9YpHKJqMSsa0dXbfmxeoJ7xHlrt+xmY=",
        "owner": "numtide",
        "repo": "flake-utils",
        "rev": "ff7b65b44d01cf9ba6a71320833626af21126384",
        "type": "github"
      },
      "original": {
        "owner": "numtide",
        "repo": "flake-utils",
        "type": "github"
      }
    },
    "flake-utils_2": {
      "inputs": {
        "systems": "systems_3"
      },
      "locked": {
        "lastModified": 1705309234,
        "narHash": "sha256-uNRRNRKmJyCRC/8y1RqBkqWBLM034y4qN7EprSdmgyA=",
        "owner": "numtide",
        "repo": "flake-utils",
        "rev": "1ef2e671c3b0c19053962c07dbda38332dcebf26",
        "type": "github"
      },
      "original": {
        "owner": "numtide",
        "repo": "flake-utils",
        "type": "github"
      }
    },
    "ifstate": {
      "inputs": {
        "flake-utils": [
          "flake-utils"
        ],
        "nixpkgs": [
          "nixpkgs"
        ]
      },
      "locked": {
        "lastModified": 1705561212,
        "narHash": "sha256-NNN/KFLH9gv4aebmSVdnrC7hu7/aIi77bMHF+5yBSa0=",
        "ref": "refs/heads/main",
        "rev": "690684f5f8854b1ad29b20ea565979a9f12e1ebf",
        "revCount": 8,
        "type": "git",
        "url": "https://codeberg.org/m4rc3l/ifstate.nix"
      },
      "original": {
        "type": "git",
        "url": "https://codeberg.org/m4rc3l/ifstate.nix"
      }
    },
    "microvm": {
      "inputs": {
        "flake-utils": [
          "flake-utils"
        ],
        "nixpkgs": [
          "nixpkgs"
        ],
        "spectrum": "spectrum"
      },
      "locked": {
        "lastModified": 1705757072,
        "narHash": "sha256-jlf6CwiA55kY8RC5nAtqJkz+MjjMDxFCwnmu9GuaFIo=",
        "owner": "astro",
        "repo": "microvm.nix",
        "rev": "794819cf7a2732113f0df21dc7fbe804e6bb2477",
        "type": "github"
      },
      "original": {
        "owner": "astro",
        "repo": "microvm.nix",
        "type": "github"
      }
    },
    "naersk": {
      "inputs": {
        "nixpkgs": [
          "dns",
          "nixpkgs"
        ]
      },
      "locked": {
        "lastModified": 1698420672,
        "narHash": "sha256-/TdeHMPRjjdJub7p7+w55vyABrsJlt5QkznPYy55vKA=",
        "owner": "nix-community",
        "repo": "naersk",
        "rev": "aeb58d5e8faead8980a807c840232697982d47b9",
        "type": "github"
      },
      "original": {
        "owner": "nix-community",
        "repo": "naersk",
        "type": "github"
      }
    },
    "naersk_2": {
      "inputs": {
        "nixpkgs": [
          "doubleblind",
          "nixpkgs"
        ]
      },
      "locked": {
        "lastModified": 1698420672,
        "narHash": "sha256-/TdeHMPRjjdJub7p7+w55vyABrsJlt5QkznPYy55vKA=",
        "owner": "nix-community",
        "repo": "naersk",
        "rev": "aeb58d5e8faead8980a807c840232697982d47b9",
        "type": "github"
      },
      "original": {
        "owner": "nix-community",
        "repo": "naersk",
        "type": "github"
      }
    },
    "nixpkgs": {
      "locked": {
        "lastModified": 1704194953,
        "narHash": "sha256-RtDKd8Mynhe5CFnVT8s0/0yqtWFMM9LmCzXv/YKxnq4=",
        "owner": "nixos",
        "repo": "nixpkgs",
        "rev": "bd645e8668ec6612439a9ee7e71f7eac4099d4f6",
        "type": "github"
      },
      "original": {
        "owner": "nixos",
        "ref": "nixos-unstable",
        "repo": "nixpkgs",
        "type": "github"
      }
    },
    "nixpkgs_2": {
      "locked": {
        "lastModified": 1705518574,
        "narHash": "sha256-BBKu59JVg2AWVgxyotZpQRrzWILEl4znaBpEIjRxGog=",
        "owner": "MarcelCoding",
        "repo": "nixpkgs",
        "rev": "a63a884c0037fb46ee627b9f401544ccdf4afc13",
        "type": "github"
      },
      "original": {
        "owner": "MarcelCoding",
        "ref": "bird-no-auto-restart",
        "repo": "nixpkgs",
        "type": "github"
      }
    },
    "pnpm2nix": {
      "inputs": {
        "flake-utils": [
          "dns-web",
          "flake-utils"
        ],
        "nixpkgs": [
          "dns-web",
          "nixpkgs"
        ]
      },
      "locked": {
        "lastModified": 1699849420,
        "narHash": "sha256-AV6tWNHNeMpjNkX/bXF3yBhfnw4gwkwAhbKlPOLfyFQ=",
        "owner": "nzbr",
        "repo": "pnpm2nix-nzbr",
        "rev": "8159ff2aa5ebe90c3397c3a7ceccec9a9c2a0073",
        "type": "github"
      },
      "original": {
        "owner": "nzbr",
        "repo": "pnpm2nix-nzbr",
        "type": "github"
      }
    },
    "pnpm2nix_2": {
      "inputs": {
        "flake-utils": [
          "doubleblind",
          "utils"
        ],
        "nixpkgs": [
          "doubleblind",
          "nixpkgs"
        ]
      },
      "locked": {
        "lastModified": 1702270329,
        "narHash": "sha256-Q3pg+Qc6OfVwf53o2lGoky5G4hDed0YkWw6PxocxPNE=",
        "owner": "nzbr",
        "repo": "pnpm2nix-nzbr",
        "rev": "b88c9601da369ad4bc4fec1d5c28f830886e4ceb",
        "type": "github"
      },
      "original": {
        "owner": "nzbr",
        "repo": "pnpm2nix-nzbr",
        "type": "github"
      }
    },
    "root": {
      "inputs": {
        "dns": "dns",
        "dns-web": "dns-web",
        "doubleblind": "doubleblind",
        "flake-utils": "flake-utils_2",
        "ifstate": "ifstate",
        "microvm": "microvm",
        "nixpkgs": "nixpkgs_2",
        "sops-nix": "sops-nix"
      }
    },
    "rust-analyzer-src": {
      "flake": false,
      "locked": {
        "lastModified": 1698474035,
        "narHash": "sha256-IaufRsz2ATI7vSnnqQxMlcREPFpBDyQqqPFvKp+FjMA=",
        "owner": "rust-lang",
        "repo": "rust-analyzer",
        "rev": "f493207744da98b31295b02e6ed95b26a927056c",
        "type": "github"
      },
      "original": {
        "owner": "rust-lang",
        "ref": "nightly",
        "repo": "rust-analyzer",
        "type": "github"
      }
    },
    "rust-analyzer-src_2": {
      "flake": false,
      "locked": {
        "lastModified": 1704392858,
        "narHash": "sha256-66IArofsKG0bxghUClvuzqDekXf/cTcsV81YtZYhZVE=",
        "owner": "rust-lang",
        "repo": "rust-analyzer",
        "rev": "c84352a3467c7856e5c65b8e1a4c7710c2d5a756",
        "type": "github"
      },
      "original": {
        "owner": "rust-lang",
        "ref": "nightly",
        "repo": "rust-analyzer",
        "type": "github"
      }
    },
    "sops-nix": {
      "inputs": {
        "nixpkgs": [
          "nixpkgs"
        ],
        "nixpkgs-stable": [
          "nixpkgs"
        ]
      },
      "locked": {
        "lastModified": 1705356877,
        "narHash": "sha256-274jL1cH64DcXUXebVMZBRUsTs3FvFlPIPkCN/yhSnI=",
        "owner": "Mic92",
        "repo": "sops-nix",
        "rev": "87755331580fdf23df7e39b46d63ac88236bf42c",
        "type": "github"
      },
      "original": {
        "owner": "Mic92",
        "repo": "sops-nix",
        "type": "github"
      }
    },
    "spectrum": {
      "flake": false,
      "locked": {
        "lastModified": 1703273931,
        "narHash": "sha256-CJ1Crdi5fXHkCiemovsp20/RC4vpDaZl1R6V273FecI=",
        "ref": "refs/heads/main",
        "rev": "97e2f3429ee61dc37664b4d096b2fec48a57b691",
        "revCount": 597,
        "type": "git",
        "url": "https://spectrum-os.org/git/spectrum"
      },
      "original": {
        "type": "git",
        "url": "https://spectrum-os.org/git/spectrum"
      }
    },
    "systems": {
      "locked": {
        "lastModified": 1681028828,
        "narHash": "sha256-Vy1rq5AaRuLzOxct8nz4T6wlgyUR7zLU309k9mBC768=",
        "owner": "nix-systems",
        "repo": "default",
        "rev": "da67096a3b9bf56a91d16901293e51ba5b49a27e",
        "type": "github"
      },
      "original": {
        "owner": "nix-systems",
        "repo": "default",
        "type": "github"
      }
    },
    "systems_2": {
      "locked": {
        "lastModified": 1681028828,
        "narHash": "sha256-Vy1rq5AaRuLzOxct8nz4T6wlgyUR7zLU309k9mBC768=",
        "owner": "nix-systems",
        "repo": "default",
        "rev": "da67096a3b9bf56a91d16901293e51ba5b49a27e",
        "type": "github"
      },
      "original": {
        "owner": "nix-systems",
        "repo": "default",
        "type": "github"
      }
    },
    "systems_3": {
      "locked": {
        "lastModified": 1681028828,
        "narHash": "sha256-Vy1rq5AaRuLzOxct8nz4T6wlgyUR7zLU309k9mBC768=",
        "owner": "nix-systems",
        "repo": "default",
        "rev": "da67096a3b9bf56a91d16901293e51ba5b49a27e",
        "type": "github"
      },
      "original": {
        "owner": "nix-systems",
        "repo": "default",
        "type": "github"
      }
    },
    "utils": {
      "inputs": {
        "systems": "systems_2"
      },
      "locked": {
        "lastModified": 1701680307,
        "narHash": "sha256-kAuep2h5ajznlPMD9rnQyffWG8EM/C73lejGofXvdM8=",
        "owner": "numtide",
        "repo": "flake-utils",
        "rev": "4022d587cbbfd70fe950c1e2083a02621806a725",
        "type": "github"
      },
      "original": {
        "owner": "numtide",
        "repo": "flake-utils",
        "type": "github"
      }
    }
  },
  "root": "root",
  "version": 7
}
